
Microsoft Visual Studio Solution File, Format Version 12.00
# Visual Studio Version 16
VisualStudioVersion = 16.0.30011.22
MinimumVisualStudioVersion = 10.0.40219.1
Project("{FAE04EC0-301F-11D3-BF4B-00C04F79EFBC}") = "VideoRentalSystem_Rajpal", "VideoRentalSystem_Rajpal\VideoRentalSystem_Rajpal.csproj", "{87055334-D52F-4578-94E5-7A041CB3C084}"
EndProject
Project("{FAE04EC0-301F-11D3-BF4B-00C04F79EFBC}") = "UnitTestProject_Rajpal", "UnitTestProject_Rajpal\UnitTestProject_Rajpal.csproj", "{45949F28-4F5A-4652-9F8C-99CB36431271}"
EndProject
Global
	GlobalSection(SolutionConfigurationPlatforms) = preSolution
		Debug|Any CPU = Debug|Any CPU
		Release|Any CPU = Release|Any CPU
	EndGlobalSection
	GlobalSection(ProjectConfigurationPlatforms) = postSolution
		{87055334-D52F-4578-94E5-7A041CB3C084}.Debug|Any CPU.ActiveCfg = Debug|Any CPU
		{87055334-D52F-4578-94E5-7A041CB3C084}.Debug|Any CPU.Build.0 = Debug|Any CPU
		{87055334-D52F-4578-94E5-7A041CB3C084}.Release|Any CPU.ActiveCfg = Release|Any CPU
		{87055334-D52F-4578-94E5-7A041CB3C084}.Release|Any CPU.Build.0 = Release|Any CPU
		{45949F28-4F5A-4652-9F8C-99CB36431271}.Debug|Any CPU.ActiveCfg = Debug|Any CPU
		{45949F28-4F5A-4652-9F8C-99CB36431271}.Debug|Any CPU.Build.0 = Debug|Any CPU
		{45949F28-4F5A-4652-9F8C-99CB36431271}.Release|Any CPU.ActiveCfg = Release|Any CPU
		{45949F28-4F5A-4652-9F8C-99CB36431271}.Release|Any CPU.Build.0 = Release|Any CPU
	EndGlobalSection
	GlobalSection(SolutionProperties) = preSolution
		HideSolutionNode = FALSE
	EndGlobalSection
	GlobalSection(ExtensibilityGlobals) = postSolution
		SolutionGuid = {41C6AE62-3612-4293-830C-51CE216BED94}
	EndGlobalSection
EndGlobal
